
Microsoft Visual Studio Solution File, Format Version 12.00
# Visual Studio 2015
Project("{FAE04EC0-301F-11D3-BF4B-00C04F79EFBC}") = "ludogame.CSharp", "ludogame.CSharp.csproj", "{DEF40899-B9E0-5EC5-019A-2DBA24742B12}"
EndProject
Global
	GlobalSection(SolutionConfigurationPlatforms) = preSolution
		Debug|Any CPU = Debug|Any CPU
		Release|Any CPU = Release|Any CPU
	EndGlobalSection
	GlobalSection(ProjectConfigurationPlatforms) = postSolution
		{DEF40899-B9E0-5EC5-019A-2DBA24742B12}.Debug|Any CPU.ActiveCfg = Debug|Any CPU
		{DEF40899-B9E0-5EC5-019A-2DBA24742B12}.Debug|Any CPU.Build.0 = Debug|Any CPU
		{DEF40899-B9E0-5EC5-019A-2DBA24742B12}.Release|Any CPU.ActiveCfg = Release|Any CPU
		{DEF40899-B9E0-5EC5-019A-2DBA24742B12}.Release|Any CPU.Build.0 = Release|Any CPU
	EndGlobalSection
	GlobalSection(SolutionProperties) = preSolution
		HideSolutionNode = FALSE
	EndGlobalSection
EndGlobal
